
Microsoft Visual Studio Solution File, Format Version 12.00
# Visual Studio 15
VisualStudioVersion = 15.0.26430.12
MinimumVisualStudioVersion = 10.0.40219.1
Project("{FAE04EC0-301F-11D3-BF4B-00C04F79EFBC}") = "BeforeRefactoring", "BeforeRefactoring\BeforeRefactoring.csproj", "{A2D14183-FCD0-4096-A09D-6BF9BACB0305}"
EndProject
Project("{FAE04EC0-301F-11D3-BF4B-00C04F79EFBC}") = "AfterRefactoring", "AfterRefactoring\AfterRefactoring.csproj", "{55664E86-4C44-49BC-AB27-F9981417F191}"
EndProject
Global
	GlobalSection(SolutionConfigurationPlatforms) = preSolution
		Debug|Any CPU = Debug|Any CPU
		Release|Any CPU = Release|Any CPU
	EndGlobalSection
	GlobalSection(ProjectConfigurationPlatforms) = postSolution
		{A2D14183-FCD0-4096-A09D-6BF9BACB0305}.Debug|Any CPU.ActiveCfg = Debug|Any CPU
		{A2D14183-FCD0-4096-A09D-6BF9BACB0305}.Debug|Any CPU.Build.0 = Debug|Any CPU
		{A2D14183-FCD0-4096-A09D-6BF9BACB0305}.Release|Any CPU.ActiveCfg = Release|Any CPU
		{A2D14183-FCD0-4096-A09D-6BF9BACB0305}.Release|Any CPU.Build.0 = Release|Any CPU
		{55664E86-4C44-49BC-AB27-F9981417F191}.Debug|Any CPU.ActiveCfg = Debug|Any CPU
		{55664E86-4C44-49BC-AB27-F9981417F191}.Debug|Any CPU.Build.0 = Debug|Any CPU
		{55664E86-4C44-49BC-AB27-F9981417F191}.Release|Any CPU.ActiveCfg = Release|Any CPU
		{55664E86-4C44-49BC-AB27-F9981417F191}.Release|Any CPU.Build.0 = Release|Any CPU
	EndGlobalSection
	GlobalSection(SolutionProperties) = preSolution
		HideSolutionNode = FALSE
	EndGlobalSection
EndGlobal
